
Microsoft Visual Studio Solution File, Format Version 12.00
# Visual Studio Version 17
VisualStudioVersion = 17.9.34701.34
MinimumVisualStudioVersion = 10.0.40219.1
Project("{FAE04EC0-301F-11D3-BF4B-00C04F79EFBC}") = "Opositonn", "Opositonn\Opositonn.csproj", "{138E5E6D-D85C-4D8E-91A5-5E6EF15395D5}"
EndProject
Global
	GlobalSection(SolutionConfigurationPlatforms) = preSolution
		Debug|Any CPU = Debug|Any CPU
		Release|Any CPU = Release|Any CPU
	EndGlobalSection
	GlobalSection(ProjectConfigurationPlatforms) = postSolution
		{138E5E6D-D85C-4D8E-91A5-5E6EF15395D5}.Debug|Any CPU.ActiveCfg = Debug|Any CPU
		{138E5E6D-D85C-4D8E-91A5-5E6EF15395D5}.Debug|Any CPU.Build.0 = Debug|Any CPU
		{138E5E6D-D85C-4D8E-91A5-5E6EF15395D5}.Release|Any CPU.ActiveCfg = Release|Any CPU
		{138E5E6D-D85C-4D8E-91A5-5E6EF15395D5}.Release|Any CPU.Build.0 = Release|Any CPU
	EndGlobalSection
	GlobalSection(SolutionProperties) = preSolution
		HideSolutionNode = FALSE
	EndGlobalSection
	GlobalSection(ExtensibilityGlobals) = postSolution
		SolutionGuid = {391AA635-9448-4748-AAC9-365E039C66CF}
	EndGlobalSection
EndGlobal
